<?xml version="1.0" encoding="utf-8"?>
<Project ToolsVersion="4.0" xmlns="http://schemas.microsoft.com/developer/msbuild/2003">
  <ItemGroup>
    <Filter Include="Resources">
      <UniqueIdentifier>de70a58c-6792-4cd4-ad8f-90c30a02b005</UniqueIdentifier>
      <Extensions>rc;ico;cur;bmp;dlg;rc2;rct;bin;rgs;gif;jpg;jpeg;jpe;resx;tiff;tif;png;wav;mfcribbon-ms</Extensions>
    </Filter>
  </ItemGroup>
  <ItemGroup>
    <ClCompile Include="Arduino.cpp" />
    <ClCompile Include="Class1.cpp" />
    <ClCompile Include="rf12.cpp" />
    <ClCompile Include="G35String.cpp" />
    <ClCompile Include="..\..\..\Chase.cpp" />
    <ClCompile Include="..\..\..\ColorNodeConfig.cpp" />
    <ClCompile Include="..\..\..\ColorNodeSendCommand.cpp" />
    <ClCompile Include="..\..\..\ColorNodeUtils.cpp" />
    <ClCompile Include="..\..\..\ColorUtils.cpp" />
    <ClCompile Include="..\..\..\ControllerProgramAlternateDirection.cpp" />
    <ClCompile Include="..\..\..\ControllerProgramCandyCane.cpp" />
    <ClCompile Include="..\..\..\ControllerProgramChase.cpp" />
    <ClCompile Include="..\..\..\ControllerProgramFadeInFadeOut.cpp" />
    <ClCompile Include="..\..\..\ControllerProgramHolly.cpp" />
    <ClCompile Include="..\..\..\ControllerProgramIce.cpp" />
    <ClCompile Include="..\..\..\ControllerProgramMeteorite.cpp" />
    <ClCompile Include="..\..\..\ControllerProgramRainbowChase.cpp" />
    <ClCompile Include="..\..\..\ControllerProgramRainbowStrobe.cpp" />
    <ClCompile Include="..\..\..\ControllerProgramSolidRainbow.cpp" />
    <ClCompile Include="..\..\..\ControllerProgramSteppedWave.cpp" />
    <ClCompile Include="..\..\..\ControllerProgramStrobe.cpp" />
    <ClCompile Include="..\..\..\ControllerProgramTwinkle.cpp" />
    <ClCompile Include="..\..\..\Creepers.cpp" />
    <ClCompile Include="..\..\..\Cylon.cpp" />
    <ClCompile Include="..\..\..\Dissolve.cpp" />
    <ClCompile Include="..\..\..\DripFill.cpp" />
    <ClCompile Include="..\..\..\Eyes.cpp" />
    <ClCompile Include="..\..\..\G35.cpp" />
    <ClCompile Include="..\..\..\G35StringGarageBig.cpp" />
    <ClCompile Include="..\..\..\G35StringGarageSmall.cpp" />
    <ClCompile Include="..\..\..\G35StringGroup.cpp" />
    <ClCompile Include="..\..\..\G35StringSnowflake.cpp" />
    <ClCompile Include="..\..\..\G35StringStar.cpp" />
    <ClCompile Include="..\..\..\G35StringWindowBig.cpp" />
    <ClCompile Include="..\..\..\G35StringWindowSmall.cpp" />
    <ClCompile Include="..\..\..\HalloweenPrograms.cpp" />
    <ClCompile Include="..\..\..\Inchworm.cpp" />
    <ClCompile Include="..\..\..\LightProgram.cpp" />
    <ClCompile Include="..\..\..\MemoryUtils.cpp" />
    <ClCompile Include="..\..\..\MEOChasing.cpp" />
    <ClCompile Include="..\..\..\MEOColorPhasing.cpp" />
    <ClCompile Include="..\..\..\MEODither.cpp" />
    <ClCompile Include="..\..\..\MEOOscillate.cpp" />
    <ClCompile Include="..\..\..\MEOPrograms.cpp" />
    <ClCompile Include="..\..\..\MEORandomStrobe.cpp" />
    <ClCompile Include="..\..\..\MEOSimplexNoise.cpp" />
    <ClCompile Include="..\..\..\MEOSineWave.cpp" />
    <ClCompile Include="..\..\..\MEOSwitchOff.cpp" />
    <ClCompile Include="..\..\..\MEOWhites.cpp" />
    <ClCompile Include="..\..\..\Meteorite.cpp" />
    <ClCompile Include="..\..\..\Orbit.cpp" />
    <ClCompile Include="..\..\..\Orbiter.cpp" />
    <ClCompile Include="..\..\..\PlusPrograms.cpp" />
    <ClCompile Include="..\..\..\ProgramRunner.cpp" />
    <ClCompile Include="..\..\..\Pulse.cpp" />
    <ClCompile Include="..\..\..\PumpkinChase.cpp" />
    <ClCompile Include="..\..\..\Rainbow.cpp" />
    <ClCompile Include="..\..\..\RainbowUtils.cpp" />
    <ClCompile Include="..\..\..\RandomFade.cpp" />
    <ClCompile Include="..\..\..\RawProgram.cpp" />
    <ClCompile Include="..\..\..\RedGreenChase.cpp" />
    <ClCompile Include="..\..\..\SequenceUtils.cpp" />
    <ClCompile Include="..\..\..\ShootingStars.cpp" />
    <ClCompile Include="..\..\..\Solid.cpp" />
    <ClCompile Include="..\..\..\SpookyFlicker.cpp" />
    <ClCompile Include="..\..\..\SpookySlow.cpp" />
    <ClCompile Include="..\..\..\Stereo.cpp" />
    <ClCompile Include="..\..\..\StockPrograms.cpp" />
    <ClCompile Include="..\..\..\StrobeFill.cpp" />
    <ClCompile Include="..\..\..\Twinkle.cpp" />
    <ClCompile Include="..\..\..\wave.cpp" />
    <ClCompile Include="..\..\..\WaveUtils.cpp" />
    <ClCompile Include="..\..\..\Worm.cpp" />
    <ClCompile Include="..\..\..\Eye.cpp" />
    <ClCompile Include="..\..\..\SpookyEyes.cpp" />
    <ClCompile Include="..\..\..\SpiralTreeStars.cpp" />
    <ClCompile Include="..\..\..\Snowflake.cpp" />
  </ItemGroup>
  <ItemGroup>
    <ClInclude Include="Arduino.h" />
    <ClInclude Include="avr\pgmspace.h" />
    <ClInclude Include="Class1.h" />
    <ClInclude Include="rf12.h" />
    <ClInclude Include="SerialPrintf.h" />
    <ClInclude Include="..\..\..\Chase.h" />
    <ClInclude Include="..\..\..\ColorNodeCommands.h" />
    <ClInclude Include="..\..\..\ColorNodeConfig.h" />
    <ClInclude Include="..\..\..\ColorNodeSendCommand.h" />
    <ClInclude Include="..\..\..\ColorNodeUtils.h" />
    <ClInclude Include="..\..\..\ColorUtils.h" />
    <ClInclude Include="..\..\..\ControllerProgramAlternateDirection.h" />
    <ClInclude Include="..\..\..\ControllerProgramCandyCane.h" />
    <ClInclude Include="..\..\..\ControllerProgramChase.h" />
    <ClInclude Include="..\..\..\ControllerProgramFadeInFadeOut.h" />
    <ClInclude Include="..\..\..\ControllerProgramHolly.h" />
    <ClInclude Include="..\..\..\ControllerProgramIce.h" />
    <ClInclude Include="..\..\..\ControllerProgramMeteorite.h" />
    <ClInclude Include="..\..\..\ControllerProgramRainbowChase.h" />
    <ClInclude Include="..\..\..\ControllerProgramRainbowStrobe.h" />
    <ClInclude Include="..\..\..\ControllerProgramSolidRainbow.h" />
    <ClInclude Include="..\..\..\ControllerProgramSteppedWave.h" />
    <ClInclude Include="..\..\..\ControllerProgramStrobe.h" />
    <ClInclude Include="..\..\..\ControllerProgramTwinkle.h" />
    <ClInclude Include="..\..\..\Creepers.h" />
    <ClInclude Include="..\..\..\Cylon.h" />
    <ClInclude Include="..\..\..\DebugConfig.h" />
    <ClInclude Include="..\..\..\Dissolve.h" />
    <ClInclude Include="..\..\..\DripFill.h" />
    <ClInclude Include="..\..\..\Eyes.h" />
    <ClInclude Include="..\..\..\G35.h" />
    <ClInclude Include="..\..\..\G35String.h" />
    <ClInclude Include="..\..\..\G35StringGarageBig.h" />
    <ClInclude Include="..\..\..\G35StringGarageSmall.h" />
    <ClInclude Include="..\..\..\G35StringGroup.h" />
    <ClInclude Include="..\..\..\G35StringSnowflake.h" />
    <ClInclude Include="..\..\..\G35StringStar.h" />
    <ClInclude Include="..\..\..\G35StringWindowBig.h" />
    <ClInclude Include="..\..\..\G35StringWindowSmall.h" />
    <ClInclude Include="..\..\..\HalloweenPrograms.h" />
    <ClInclude Include="..\..\..\Inchworm.h" />
    <ClInclude Include="..\..\..\LightProgram.h" />
    <ClInclude Include="..\..\..\MemoryUtils.h" />
    <ClInclude Include="..\..\..\MEOChasing.h" />
    <ClInclude Include="..\..\..\MEOColorPhasing.h" />
    <ClInclude Include="..\..\..\MEODither.h" />
    <ClInclude Include="..\..\..\MEOOscillate.h" />
    <ClInclude Include="..\..\..\MEOPrograms.h" />
    <ClInclude Include="..\..\..\MEORandomStrobe.h" />
    <ClInclude Include="..\..\..\MEOSimplexNoise.h" />
    <ClInclude Include="..\..\..\MEOSineWave.h" />
    <ClInclude Include="..\..\..\MEOSwitchOff.h" />
    <ClInclude Include="..\..\..\MEOWhites.h" />
    <ClInclude Include="..\..\..\Meteorite.h" />
    <ClInclude Include="..\..\..\Orbit.h" />
    <ClInclude Include="..\..\..\Orbiter.h" />
    <ClInclude Include="..\..\..\PlusPrograms.h" />
    <ClInclude Include="..\..\..\ProgramRunner.h" />
    <ClInclude Include="..\..\..\Pulse.h" />
    <ClInclude Include="..\..\..\PumpkinChase.h" />
    <ClInclude Include="..\..\..\Rainbow.h" />
    <ClInclude Include="..\..\..\RainbowUtils.h" />
    <ClInclude Include="..\..\..\RandomFade.h" />
    <ClInclude Include="..\..\..\RawProgram.h" />
    <ClInclude Include="..\..\..\RedGreenChase.h" />
    <ClInclude Include="..\..\..\SequenceUtils.h" />
    <ClInclude Include="..\..\..\ShootingStars.h" />
    <ClInclude Include="..\..\..\Solid.h" />
    <ClInclude Include="..\..\..\SpookyFlicker.h" />
    <ClInclude Include="..\..\..\SpookySlow.h" />
    <ClInclude Include="..\..\..\Stereo.h" />
    <ClInclude Include="..\..\..\StockPrograms.h" />
    <ClInclude Include="..\..\..\StrobeFill.h" />
    <ClInclude Include="..\..\..\Twinkle.h" />
    <ClInclude Include="..\..\..\wave.h" />
    <ClInclude Include="..\..\..\WaveUtils.h" />
    <ClInclude Include="..\..\..\Worm.h" />
    <ClInclude Include="..\..\..\Eye.h" />
    <ClInclude Include="..\..\..\SpookyEyes.h" />
    <ClInclude Include="..\..\..\SpiralTreeStars.h" />
    <ClInclude Include="..\..\..\Snowflake.h" />
  </ItemGroup>
</Project>